
Microsoft Visual Studio Solution File, Format Version 12.00
# Visual Studio Version 17
VisualStudioVersion = 17.8.34330.188
MinimumVisualStudioVersion = 10.0.40219.1
Project("{FAE04EC0-301F-11D3-BF4B-00C04F79EFBC}") = "UserManagementBE", "UserManagementBE\UserManagementBE.csproj", "{4BC1A898-83CD-437C-B469-E81C175AA79D}"
EndProject
Global
	GlobalSection(SolutionConfigurationPlatforms) = preSolution
		Debug|Any CPU = Debug|Any CPU
		Release|Any CPU = Release|Any CPU
	EndGlobalSection
	GlobalSection(ProjectConfigurationPlatforms) = postSolution
		{4BC1A898-83CD-437C-B469-E81C175AA79D}.Debug|Any CPU.ActiveCfg = Debug|Any CPU
		{4BC1A898-83CD-437C-B469-E81C175AA79D}.Debug|Any CPU.Build.0 = Debug|Any CPU
		{4BC1A898-83CD-437C-B469-E81C175AA79D}.Release|Any CPU.ActiveCfg = Release|Any CPU
		{4BC1A898-83CD-437C-B469-E81C175AA79D}.Release|Any CPU.Build.0 = Release|Any CPU
	EndGlobalSection
	GlobalSection(SolutionProperties) = preSolution
		HideSolutionNode = FALSE
	EndGlobalSection
	GlobalSection(ExtensibilityGlobals) = postSolution
		SolutionGuid = {6F376AAC-BBEB-4188-BB71-3798521A972F}
	EndGlobalSection
EndGlobal
